
Microsoft Visual Studio Solution File, Format Version 11.00
# Visual Studio 2010
Project("{FAE04EC0-301F-11D3-BF4B-00C04F79EFBC}") = "WindowsFormsClient", "WindowsFormsClient\WindowsFormsClient.csproj", "{DAD7C136-91C8-4E09-BCAF-579E6A529B09}"
EndProject
Global
	GlobalSection(SolutionConfigurationPlatforms) = preSolution
		Debug|x86 = Debug|x86
		Release|x86 = Release|x86
	EndGlobalSection
	GlobalSection(ProjectConfigurationPlatforms) = postSolution
		{DAD7C136-91C8-4E09-BCAF-579E6A529B09}.Debug|x86.ActiveCfg = Debug|x86
		{DAD7C136-91C8-4E09-BCAF-579E6A529B09}.Debug|x86.Build.0 = Debug|x86
		{DAD7C136-91C8-4E09-BCAF-579E6A529B09}.Release|x86.ActiveCfg = Release|x86
		{DAD7C136-91C8-4E09-BCAF-579E6A529B09}.Release|x86.Build.0 = Release|x86
	EndGlobalSection
	GlobalSection(SolutionProperties) = preSolution
		HideSolutionNode = FALSE
	EndGlobalSection
EndGlobal
